
Microsoft Visual Studio Solution File, Format Version 12.00
# Visual Studio Version 17
VisualStudioVersion = 17.14.36518.9
MinimumVisualStudioVersion = 10.0.40219.1
Project("{FAE04EC0-301F-11D3-BF4B-00C04F79EFBC}") = "IKBR_Report_Puller", "IKBR_Report_Puller\IKBR_Report_Puller.csproj", "{B1CAFCB1-BE51-470E-BB65-F78983C5EB53}"
EndProject
Project("{FAE04EC0-301F-11D3-BF4B-00C04F79EFBC}") = "IKBR_Report_Puller.Tests", "IKBR_Report_Puller.Tests\IKBR_Report_Puller.Tests.csproj", "{DC922003-0BD1-4199-B07C-9047724ED4A1}"
EndProject
Project("{FAE04EC0-301F-11D3-BF4B-00C04F79EFBC}") = "TradeViewer.API", "TradeViewer.API\TradeViewer.API.csproj", "{AFADCC4B-C8FF-4637-8AD9-82D7170C1DA6}"
EndProject
Global
	GlobalSection(SolutionConfigurationPlatforms) = preSolution
		Debug|Any CPU = Debug|Any CPU
		Debug|x64 = Debug|x64
		Debug|x86 = Debug|x86
		Release|Any CPU = Release|Any CPU
		Release|x64 = Release|x64
		Release|x86 = Release|x86
	EndGlobalSection
	GlobalSection(ProjectConfigurationPlatforms) = postSolution
		{B1CAFCB1-BE51-470E-BB65-F78983C5EB53}.Debug|Any CPU.ActiveCfg = Debug|Any CPU
		{B1CAFCB1-BE51-470E-BB65-F78983C5EB53}.Debug|Any CPU.Build.0 = Debug|Any CPU
		{B1CAFCB1-BE51-470E-BB65-F78983C5EB53}.Debug|x64.ActiveCfg = Debug|Any CPU
		{B1CAFCB1-BE51-470E-BB65-F78983C5EB53}.Debug|x64.Build.0 = Debug|Any CPU
		{B1CAFCB1-BE51-470E-BB65-F78983C5EB53}.Debug|x86.ActiveCfg = Debug|Any CPU
		{B1CAFCB1-BE51-470E-BB65-F78983C5EB53}.Debug|x86.Build.0 = Debug|Any CPU
		{B1CAFCB1-BE51-470E-BB65-F78983C5EB53}.Release|Any CPU.ActiveCfg = Release|Any CPU
		{B1CAFCB1-BE51-470E-BB65-F78983C5EB53}.Release|Any CPU.Build.0 = Release|Any CPU
		{B1CAFCB1-BE51-470E-BB65-F78983C5EB53}.Release|x64.ActiveCfg = Release|Any CPU
		{B1CAFCB1-BE51-470E-BB65-F78983C5EB53}.Release|x64.Build.0 = Release|Any CPU
		{B1CAFCB1-BE51-470E-BB65-F78983C5EB53}.Release|x86.ActiveCfg = Release|Any CPU
		{B1CAFCB1-BE51-470E-BB65-F78983C5EB53}.Release|x86.Build.0 = Release|Any CPU
		{DC922003-0BD1-4199-B07C-9047724ED4A1}.Debug|Any CPU.ActiveCfg = Debug|Any CPU
		{DC922003-0BD1-4199-B07C-9047724ED4A1}.Debug|Any CPU.Build.0 = Debug|Any CPU
		{DC922003-0BD1-4199-B07C-9047724ED4A1}.Debug|x64.ActiveCfg = Debug|Any CPU
		{DC922003-0BD1-4199-B07C-9047724ED4A1}.Debug|x64.Build.0 = Debug|Any CPU
		{DC922003-0BD1-4199-B07C-9047724ED4A1}.Debug|x86.ActiveCfg = Debug|Any CPU
		{DC922003-0BD1-4199-B07C-9047724ED4A1}.Debug|x86.Build.0 = Debug|Any CPU
		{DC922003-0BD1-4199-B07C-9047724ED4A1}.Release|Any CPU.ActiveCfg = Release|Any CPU
		{DC922003-0BD1-4199-B07C-9047724ED4A1}.Release|Any CPU.Build.0 = Release|Any CPU
		{DC922003-0BD1-4199-B07C-9047724ED4A1}.Release|x64.ActiveCfg = Release|Any CPU
		{DC922003-0BD1-4199-B07C-9047724ED4A1}.Release|x64.Build.0 = Release|Any CPU
		{DC922003-0BD1-4199-B07C-9047724ED4A1}.Release|x86.ActiveCfg = Release|Any CPU
		{DC922003-0BD1-4199-B07C-9047724ED4A1}.Release|x86.Build.0 = Release|Any CPU
		{AFADCC4B-C8FF-4637-8AD9-82D7170C1DA6}.Debug|Any CPU.ActiveCfg = Debug|Any CPU
		{AFADCC4B-C8FF-4637-8AD9-82D7170C1DA6}.Debug|Any CPU.Build.0 = Debug|Any CPU
		{AFADCC4B-C8FF-4637-8AD9-82D7170C1DA6}.Debug|x64.ActiveCfg = Debug|Any CPU
		{AFADCC4B-C8FF-4637-8AD9-82D7170C1DA6}.Debug|x64.Build.0 = Debug|Any CPU
		{AFADCC4B-C8FF-4637-8AD9-82D7170C1DA6}.Debug|x86.ActiveCfg = Debug|Any CPU
		{AFADCC4B-C8FF-4637-8AD9-82D7170C1DA6}.Debug|x86.Build.0 = Debug|Any CPU
		{AFADCC4B-C8FF-4637-8AD9-82D7170C1DA6}.Release|Any CPU.ActiveCfg = Release|Any CPU
		{AFADCC4B-C8FF-4637-8AD9-82D7170C1DA6}.Release|Any CPU.Build.0 = Release|Any CPU
		{AFADCC4B-C8FF-4637-8AD9-82D7170C1DA6}.Release|x64.ActiveCfg = Release|Any CPU
		{AFADCC4B-C8FF-4637-8AD9-82D7170C1DA6}.Release|x64.Build.0 = Release|Any CPU
		{AFADCC4B-C8FF-4637-8AD9-82D7170C1DA6}.Release|x86.ActiveCfg = Release|Any CPU
		{AFADCC4B-C8FF-4637-8AD9-82D7170C1DA6}.Release|x86.Build.0 = Release|Any CPU
	EndGlobalSection
	GlobalSection(SolutionProperties) = preSolution
		HideSolutionNode = FALSE
	EndGlobalSection
	GlobalSection(ExtensibilityGlobals) = postSolution
		SolutionGuid = {53075232-3EF4-48A1-9E21-22875221684D}
	EndGlobalSection
EndGlobal
